
Microsoft Visual Studio Solution File, Format Version 12.00
# Visual Studio 15
Project("{FAE04EC0-301F-11D3-BF4B-00C04F79EFBC}") = "UnityEngine.TestRunner", "UnityEngine.TestRunner.csproj", "{F29F9DF2-3363-B0C6-4E40-0375F576C74A}"
EndProject
Project("{FAE04EC0-301F-11D3-BF4B-00C04F79EFBC}") = "Unity.Timeline", "Unity.Timeline.csproj", "{AF42BC97-40E9-3E8A-2687-ED5C430787F8}"
EndProject
Project("{FAE04EC0-301F-11D3-BF4B-00C04F79EFBC}") = "UnityEngine.UI", "UnityEngine.UI.csproj", "{C4300093-C5F9-DC62-493F-947A46425FB0}"
EndProject
Project("{FAE04EC0-301F-11D3-BF4B-00C04F79EFBC}") = "Unity.TextMeshPro", "Unity.TextMeshPro.csproj", "{33992949-F3E9-02D5-4A65-B658B46C0477}"
EndProject
Project("{FAE04EC0-301F-11D3-BF4B-00C04F79EFBC}") = "Assembly-CSharp", "Assembly-CSharp.csproj", "{D6C8E1D3-8314-E14A-70B9-BEE8D8AC3AC8}"
EndProject
Project("{FAE04EC0-301F-11D3-BF4B-00C04F79EFBC}") = "UnityEditor.TestRunner", "UnityEditor.TestRunner.csproj", "{2E3D3E25-3BB6-1E53-A6D8-DED94CF69AAA}"
EndProject
Project("{FAE04EC0-301F-11D3-BF4B-00C04F79EFBC}") = "Unity.PlasticSCM.Editor", "Unity.PlasticSCM.Editor.csproj", "{DBAE84F8-DE0A-33FA-33DE-10DCA3A16462}"
EndProject
Project("{FAE04EC0-301F-11D3-BF4B-00C04F79EFBC}") = "UnityEditor.UI", "UnityEditor.UI.csproj", "{E5A07446-890F-3CB8-040D-33192D941FE6}"
EndProject
Project("{FAE04EC0-301F-11D3-BF4B-00C04F79EFBC}") = "Unity.Timeline.Editor", "Unity.Timeline.Editor.csproj", "{4A065B3E-42F3-D329-1AD1-FB290830E275}"
EndProject
Project("{FAE04EC0-301F-11D3-BF4B-00C04F79EFBC}") = "Unity.VisualStudio.Editor", "Unity.VisualStudio.Editor.csproj", "{9C91EAFE-91D3-3843-9881-BB046BE677F7}"
EndProject
Project("{FAE04EC0-301F-11D3-BF4B-00C04F79EFBC}") = "Unity.TextMeshPro.Editor", "Unity.TextMeshPro.Editor.csproj", "{A43C6B64-8FB5-2B32-C304-B170B5E33D7A}"
EndProject
Project("{FAE04EC0-301F-11D3-BF4B-00C04F79EFBC}") = "Unity.CollabProxy.Editor", "Unity.CollabProxy.Editor.csproj", "{1785CE57-4E04-BA8B-BEBE-69047BFC8EFB}"
EndProject
Project("{FAE04EC0-301F-11D3-BF4B-00C04F79EFBC}") = "Unity.Rider.Editor", "Unity.Rider.Editor.csproj", "{4912C35A-A7ED-BB6C-3255-6F75A4E73DF8}"
EndProject
Project("{FAE04EC0-301F-11D3-BF4B-00C04F79EFBC}") = "Unity.2D.Sprite.Editor", "Unity.2D.Sprite.Editor.csproj", "{3D3CD48C-9A36-010C-8BF5-66DDDA55CC75}"
EndProject
Project("{FAE04EC0-301F-11D3-BF4B-00C04F79EFBC}") = "Unity.2D.Tilemap.Editor", "Unity.2D.Tilemap.Editor.csproj", "{A9CE2C5A-5215-63AA-A3A4-F22243B1E844}"
EndProject
Project("{FAE04EC0-301F-11D3-BF4B-00C04F79EFBC}") = "Unity.VSCode.Editor", "Unity.VSCode.Editor.csproj", "{FDA2D742-0AB6-0D6B-B63E-A59127901C49}"
EndProject
Global
	GlobalSection(SolutionConfigurationPlatforms) = preSolution
		Debug|Any CPU = Debug|Any CPU
		Release|Any CPU = Release|Any CPU
	EndGlobalSection
	GlobalSection(ProjectConfigurationPlatforms) = postSolution
		{F29F9DF2-3363-B0C6-4E40-0375F576C74A}.Debug|Any CPU.ActiveCfg = Debug|Any CPU
		{F29F9DF2-3363-B0C6-4E40-0375F576C74A}.Debug|Any CPU.Build.0 = Debug|Any CPU
		{F29F9DF2-3363-B0C6-4E40-0375F576C74A}.Release|Any CPU.ActiveCfg = Release|Any CPU
		{F29F9DF2-3363-B0C6-4E40-0375F576C74A}.Release|Any CPU.Build.0 = Release|Any CPU
		{AF42BC97-40E9-3E8A-2687-ED5C430787F8}.Debug|Any CPU.ActiveCfg = Debug|Any CPU
		{AF42BC97-40E9-3E8A-2687-ED5C430787F8}.Debug|Any CPU.Build.0 = Debug|Any CPU
		{AF42BC97-40E9-3E8A-2687-ED5C430787F8}.Release|Any CPU.ActiveCfg = Release|Any CPU
		{AF42BC97-40E9-3E8A-2687-ED5C430787F8}.Release|Any CPU.Build.0 = Release|Any CPU
		{C4300093-C5F9-DC62-493F-947A46425FB0}.Debug|Any CPU.ActiveCfg = Debug|Any CPU
		{C4300093-C5F9-DC62-493F-947A46425FB0}.Debug|Any CPU.Build.0 = Debug|Any CPU
		{C4300093-C5F9-DC62-493F-947A46425FB0}.Release|Any CPU.ActiveCfg = Release|Any CPU
		{C4300093-C5F9-DC62-493F-947A46425FB0}.Release|Any CPU.Build.0 = Release|Any CPU
		{33992949-F3E9-02D5-4A65-B658B46C0477}.Debug|Any CPU.ActiveCfg = Debug|Any CPU
		{33992949-F3E9-02D5-4A65-B658B46C0477}.Debug|Any CPU.Build.0 = Debug|Any CPU
		{33992949-F3E9-02D5-4A65-B658B46C0477}.Release|Any CPU.ActiveCfg = Release|Any CPU
		{33992949-F3E9-02D5-4A65-B658B46C0477}.Release|Any CPU.Build.0 = Release|Any CPU
		{D6C8E1D3-8314-E14A-70B9-BEE8D8AC3AC8}.Debug|Any CPU.ActiveCfg = Debug|Any CPU
		{D6C8E1D3-8314-E14A-70B9-BEE8D8AC3AC8}.Debug|Any CPU.Build.0 = Debug|Any CPU
		{D6C8E1D3-8314-E14A-70B9-BEE8D8AC3AC8}.Release|Any CPU.ActiveCfg = Release|Any CPU
		{D6C8E1D3-8314-E14A-70B9-BEE8D8AC3AC8}.Release|Any CPU.Build.0 = Release|Any CPU
		{2E3D3E25-3BB6-1E53-A6D8-DED94CF69AAA}.Debug|Any CPU.ActiveCfg = Debug|Any CPU
		{2E3D3E25-3BB6-1E53-A6D8-DED94CF69AAA}.Debug|Any CPU.Build.0 = Debug|Any CPU
		{2E3D3E25-3BB6-1E53-A6D8-DED94CF69AAA}.Release|Any CPU.ActiveCfg = Release|Any CPU
		{2E3D3E25-3BB6-1E53-A6D8-DED94CF69AAA}.Release|Any CPU.Build.0 = Release|Any CPU
		{DBAE84F8-DE0A-33FA-33DE-10DCA3A16462}.Debug|Any CPU.ActiveCfg = Debug|Any CPU
		{DBAE84F8-DE0A-33FA-33DE-10DCA3A16462}.Debug|Any CPU.Build.0 = Debug|Any CPU
		{DBAE84F8-DE0A-33FA-33DE-10DCA3A16462}.Release|Any CPU.ActiveCfg = Release|Any CPU
		{DBAE84F8-DE0A-33FA-33DE-10DCA3A16462}.Release|Any CPU.Build.0 = Release|Any CPU
		{E5A07446-890F-3CB8-040D-33192D941FE6}.Debug|Any CPU.ActiveCfg = Debug|Any CPU
		{E5A07446-890F-3CB8-040D-33192D941FE6}.Debug|Any CPU.Build.0 = Debug|Any CPU
		{E5A07446-890F-3CB8-040D-33192D941FE6}.Release|Any CPU.ActiveCfg = Release|Any CPU
		{E5A07446-890F-3CB8-040D-33192D941FE6}.Release|Any CPU.Build.0 = Release|Any CPU
		{4A065B3E-42F3-D329-1AD1-FB290830E275}.Debug|Any CPU.ActiveCfg = Debug|Any CPU
		{4A065B3E-42F3-D329-1AD1-FB290830E275}.Debug|Any CPU.Build.0 = Debug|Any CPU
		{4A065B3E-42F3-D329-1AD1-FB290830E275}.Release|Any CPU.ActiveCfg = Release|Any CPU
		{4A065B3E-42F3-D329-1AD1-FB290830E275}.Release|Any CPU.Build.0 = Release|Any CPU
		{9C91EAFE-91D3-3843-9881-BB046BE677F7}.Debug|Any CPU.ActiveCfg = Debug|Any CPU
		{9C91EAFE-91D3-3843-9881-BB046BE677F7}.Debug|Any CPU.Build.0 = Debug|Any CPU
		{9C91EAFE-91D3-3843-9881-BB046BE677F7}.Release|Any CPU.ActiveCfg = Release|Any CPU
		{9C91EAFE-91D3-3843-9881-BB046BE677F7}.Release|Any CPU.Build.0 = Release|Any CPU
		{A43C6B64-8FB5-2B32-C304-B170B5E33D7A}.Debug|Any CPU.ActiveCfg = Debug|Any CPU
		{A43C6B64-8FB5-2B32-C304-B170B5E33D7A}.Debug|Any CPU.Build.0 = Debug|Any CPU
		{A43C6B64-8FB5-2B32-C304-B170B5E33D7A}.Release|Any CPU.ActiveCfg = Release|Any CPU
		{A43C6B64-8FB5-2B32-C304-B170B5E33D7A}.Release|Any CPU.Build.0 = Release|Any CPU
		{1785CE57-4E04-BA8B-BEBE-69047BFC8EFB}.Debug|Any CPU.ActiveCfg = Debug|Any CPU
		{1785CE57-4E04-BA8B-BEBE-69047BFC8EFB}.Debug|Any CPU.Build.0 = Debug|Any CPU
		{1785CE57-4E04-BA8B-BEBE-69047BFC8EFB}.Release|Any CPU.ActiveCfg = Release|Any CPU
		{1785CE57-4E04-BA8B-BEBE-69047BFC8EFB}.Release|Any CPU.Build.0 = Release|Any CPU
		{4912C35A-A7ED-BB6C-3255-6F75A4E73DF8}.Debug|Any CPU.ActiveCfg = Debug|Any CPU
		{4912C35A-A7ED-BB6C-3255-6F75A4E73DF8}.Debug|Any CPU.Build.0 = Debug|Any CPU
		{4912C35A-A7ED-BB6C-3255-6F75A4E73DF8}.Release|Any CPU.ActiveCfg = Release|Any CPU
		{4912C35A-A7ED-BB6C-3255-6F75A4E73DF8}.Release|Any CPU.Build.0 = Release|Any CPU
		{3D3CD48C-9A36-010C-8BF5-66DDDA55CC75}.Debug|Any CPU.ActiveCfg = Debug|Any CPU
		{3D3CD48C-9A36-010C-8BF5-66DDDA55CC75}.Debug|Any CPU.Build.0 = Debug|Any CPU
		{3D3CD48C-9A36-010C-8BF5-66DDDA55CC75}.Release|Any CPU.ActiveCfg = Release|Any CPU
		{3D3CD48C-9A36-010C-8BF5-66DDDA55CC75}.Release|Any CPU.Build.0 = Release|Any CPU
		{A9CE2C5A-5215-63AA-A3A4-F22243B1E844}.Debug|Any CPU.ActiveCfg = Debug|Any CPU
		{A9CE2C5A-5215-63AA-A3A4-F22243B1E844}.Debug|Any CPU.Build.0 = Debug|Any CPU
		{A9CE2C5A-5215-63AA-A3A4-F22243B1E844}.Release|Any CPU.ActiveCfg = Release|Any CPU
		{A9CE2C5A-5215-63AA-A3A4-F22243B1E844}.Release|Any CPU.Build.0 = Release|Any CPU
		{FDA2D742-0AB6-0D6B-B63E-A59127901C49}.Debug|Any CPU.ActiveCfg = Debug|Any CPU
		{FDA2D742-0AB6-0D6B-B63E-A59127901C49}.Debug|Any CPU.Build.0 = Debug|Any CPU
		{FDA2D742-0AB6-0D6B-B63E-A59127901C49}.Release|Any CPU.ActiveCfg = Release|Any CPU
		{FDA2D742-0AB6-0D6B-B63E-A59127901C49}.Release|Any CPU.Build.0 = Release|Any CPU
	EndGlobalSection
	GlobalSection(SolutionProperties) = preSolution
		HideSolutionNode = FALSE
	EndGlobalSection
EndGlobal
